
Microsoft Visual Studio Solution File, Format Version 12.00
# Visual Studio Version 16
VisualStudioVersion = 16.0.30114.105
MinimumVisualStudioVersion = 10.0.40219.1
Project("{FAE04EC0-301F-11D3-BF4B-00C04F79EFBC}") = "NUnitTest_Work5", "NUnitTest_Work5\NUnitTest_Work5.csproj", "{6B3DD3AE-8FF9-4A2B-B0EC-3CC1F269A714}"
EndProject
Global
	GlobalSection(SolutionConfigurationPlatforms) = preSolution
		Debug|Any CPU = Debug|Any CPU
		Release|Any CPU = Release|Any CPU
	EndGlobalSection
	GlobalSection(ProjectConfigurationPlatforms) = postSolution
		{6B3DD3AE-8FF9-4A2B-B0EC-3CC1F269A714}.Debug|Any CPU.ActiveCfg = Debug|Any CPU
		{6B3DD3AE-8FF9-4A2B-B0EC-3CC1F269A714}.Debug|Any CPU.Build.0 = Debug|Any CPU
		{6B3DD3AE-8FF9-4A2B-B0EC-3CC1F269A714}.Release|Any CPU.ActiveCfg = Release|Any CPU
		{6B3DD3AE-8FF9-4A2B-B0EC-3CC1F269A714}.Release|Any CPU.Build.0 = Release|Any CPU
	EndGlobalSection
	GlobalSection(SolutionProperties) = preSolution
		HideSolutionNode = FALSE
	EndGlobalSection
	GlobalSection(ExtensibilityGlobals) = postSolution
		SolutionGuid = {C20E3AD8-2D7A-45F6-9059-7859BB85A015}
	EndGlobalSection
EndGlobal
